// !$*UTF8*$!
{
	archiveVersion = 1;
	classes = {
	};
	objectVersion = 55;
	objects = {

/* Begin PBXBuildFile section */
		182DCD0B28ABE3BA0027ECF4 /* ErrorResponse.swift in Sources */ = {isa = PBXBuildFile; fileRef = 182DCD0828ABE3BA0027ECF4 /* ErrorResponse.swift */; };
		182DCD1A28ABE40A0027ECF4 /* UIViewControllerExtension.swift in Sources */ = {isa = PBXBuildFile; fileRef = 182DCD0F28ABE40A0027ECF4 /* UIViewControllerExtension.swift */; };
		182DCD1C28ABE40A0027ECF4 /* StringExtension.swift in Sources */ = {isa = PBXBuildFile; fileRef = 182DCD1128ABE40A0027ECF4 /* StringExtension.swift */; };
		182DCD1D28ABE40A0027ECF4 /* CodableExtension.swift in Sources */ = {isa = PBXBuildFile; fileRef = 182DCD1228ABE40A0027ECF4 /* CodableExtension.swift */; };
		182DCD2028ABE40A0027ECF4 /* UserDetailsModel.swift in Sources */ = {isa = PBXBuildFile; fileRef = 182DCD1828ABE40A0027ECF4 /* UserDetailsModel.swift */; };
		182DCD2828ABE42A0027ECF4 /* BaseNetworking.swift in Sources */ = {isa = PBXBuildFile; fileRef = 182DCD2328ABE42A0027ECF4 /* BaseNetworking.swift */; };
		182DCD2928ABE42B0027ECF4 /* API.swift in Sources */ = {isa = PBXBuildFile; fileRef = 182DCD2428ABE42A0027ECF4 /* API.swift */; };
		182DCD2A28ABE42B0027ECF4 /* Environment.swift in Sources */ = {isa = PBXBuildFile; fileRef = 182DCD2628ABE42A0027ECF4 /* Environment.swift */; };
		182DCD2B28ABE42B0027ECF4 /* HTTPMethodType.swift in Sources */ = {isa = PBXBuildFile; fileRef = 182DCD2728ABE42A0027ECF4 /* HTTPMethodType.swift */; };
		183A5D9C28ABE9F600FD6FE8 /* BaseViewController.swift in Sources */ = {isa = PBXBuildFile; fileRef = 183A5D9A28ABE9F600FD6FE8 /* BaseViewController.swift */; };
		183A5D9D28ABE9F600FD6FE8 /* BaseViewModel.swift in Sources */ = {isa = PBXBuildFile; fileRef = 183A5D9B28ABE9F600FD6FE8 /* BaseViewModel.swift */; };
		183A5D9F28ABEA5700FD6FE8 /* MainListVM.swift in Sources */ = {isa = PBXBuildFile; fileRef = 183A5D9E28ABEA5700FD6FE8 /* MainListVM.swift */; };
		183A5DA128ABEAB500FD6FE8 /* RepoDetailsModel.swift in Sources */ = {isa = PBXBuildFile; fileRef = 183A5DA028ABEAB500FD6FE8 /* RepoDetailsModel.swift */; };
		183A5DA828ABED8300FD6FE8 /* ListTableViewCell.swift in Sources */ = {isa = PBXBuildFile; fileRef = 183A5DA628ABED8300FD6FE8 /* ListTableViewCell.swift */; };
		183A5DA928ABED8300FD6FE8 /* ListTableViewCell.xib in Resources */ = {isa = PBXBuildFile; fileRef = 183A5DA728ABED8300FD6FE8 /* ListTableViewCell.xib */; };
		183A5DAB28ABEED300FD6FE8 /* ArrayExtensions.swift in Sources */ = {isa = PBXBuildFile; fileRef = 183A5DAA28ABEED300FD6FE8 /* ArrayExtensions.swift */; };
		185DB7DF28ACF27300697EF1 /* DateExtensions.swift in Sources */ = {isa = PBXBuildFile; fileRef = 185DB7DE28ACF27300697EF1 /* DateExtensions.swift */; };
		185DB7E228ACFBC300697EF1 /* Spinner.swift in Sources */ = {isa = PBXBuildFile; fileRef = 185DB7E128ACFBC300697EF1 /* Spinner.swift */; };
		185DB7E428AD00E500697EF1 /* UIImageViewExtended.swift in Sources */ = {isa = PBXBuildFile; fileRef = 185DB7E328AD00E500697EF1 /* UIImageViewExtended.swift */; };
		185DB7E628AD04B900697EF1 /* UITableViewExtension.swift in Sources */ = {isa = PBXBuildFile; fileRef = 185DB7E528AD04B900697EF1 /* UITableViewExtension.swift */; };
		188B1BE828AB8E9F00E515B1 /* AppDelegate.swift in Sources */ = {isa = PBXBuildFile; fileRef = 188B1BE728AB8E9F00E515B1 /* AppDelegate.swift */; };
		188B1BEA28AB8E9F00E515B1 /* SceneDelegate.swift in Sources */ = {isa = PBXBuildFile; fileRef = 188B1BE928AB8E9F00E515B1 /* SceneDelegate.swift */; };
		188B1BEC28AB8E9F00E515B1 /* ListViewController.swift in Sources */ = {isa = PBXBuildFile; fileRef = 188B1BEB28AB8E9F00E515B1 /* ListViewController.swift */; };
		188B1BEF28AB8E9F00E515B1 /* Main.storyboard in Resources */ = {isa = PBXBuildFile; fileRef = 188B1BED28AB8E9F00E515B1 /* Main.storyboard */; };
		188B1BF128AB8EA000E515B1 /* Assets.xcassets in Resources */ = {isa = PBXBuildFile; fileRef = 188B1BF028AB8EA000E515B1 /* Assets.xcassets */; };
		188B1BF428AB8EA000E515B1 /* LaunchScreen.storyboard in Resources */ = {isa = PBXBuildFile; fileRef = 188B1BF228AB8EA000E515B1 /* LaunchScreen.storyboard */; };
		92FF3DEDC20EC21BEF69F6CE /* Pods_EmbibeDemo.framework in Frameworks */ = {isa = PBXBuildFile; fileRef = 86881C8AEF2E9024EC5FDC05 /* Pods_EmbibeDemo.framework */; };
/* End PBXBuildFile section */

/* Begin PBXFileReference section */
		182DCD0828ABE3BA0027ECF4 /* ErrorResponse.swift */ = {isa = PBXFileReference; fileEncoding = 4; lastKnownFileType = sourcecode.swift; path = ErrorResponse.swift; sourceTree = "<group>"; };
		182DCD0F28ABE40A0027ECF4 /* UIViewControllerExtension.swift */ = {isa = PBXFileReference; fileEncoding = 4; lastKnownFileType = sourcecode.swift; path = UIViewControllerExtension.swift; sourceTree = "<group>"; };
		182DCD1128ABE40A0027ECF4 /* StringExtension.swift */ = {isa = PBXFileReference; fileEncoding = 4; lastKnownFileType = sourcecode.swift; path = StringExtension.swift; sourceTree = "<group>"; };
		182DCD1228ABE40A0027ECF4 /* CodableExtension.swift */ = {isa = PBXFileReference; fileEncoding = 4; lastKnownFileType = sourcecode.swift; path = CodableExtension.swift; sourceTree = "<group>"; };
		182DCD1828ABE40A0027ECF4 /* UserDetailsModel.swift */ = {isa = PBXFileReference; fileEncoding = 4; lastKnownFileType = sourcecode.swift; path = UserDetailsModel.swift; sourceTree = "<group>"; };
		182DCD2328ABE42A0027ECF4 /* BaseNetworking.swift */ = {isa = PBXFileReference; fileEncoding = 4; lastKnownFileType = sourcecode.swift; path = BaseNetworking.swift; sourceTree = "<group>"; };
		182DCD2428ABE42A0027ECF4 /* API.swift */ = {isa = PBXFileReference; fileEncoding = 4; lastKnownFileType = sourcecode.swift; path = API.swift; sourceTree = "<group>"; };
		182DCD2628ABE42A0027ECF4 /* Environment.swift */ = {isa = PBXFileReference; fileEncoding = 4; lastKnownFileType = sourcecode.swift; path = Environment.swift; sourceTree = "<group>"; };
		182DCD2728ABE42A0027ECF4 /* HTTPMethodType.swift */ = {isa = PBXFileReference; fileEncoding = 4; lastKnownFileType = sourcecode.swift; path = HTTPMethodType.swift; sourceTree = "<group>"; };
		183A5D9A28ABE9F600FD6FE8 /* BaseViewController.swift */ = {isa = PBXFileReference; fileEncoding = 4; lastKnownFileType = sourcecode.swift; path = BaseViewController.swift; sourceTree = "<group>"; };
		183A5D9B28ABE9F600FD6FE8 /* BaseViewModel.swift */ = {isa = PBXFileReference; fileEncoding = 4; lastKnownFileType = sourcecode.swift; path = BaseViewModel.swift; sourceTree = "<group>"; };
		183A5D9E28ABEA5700FD6FE8 /* MainListVM.swift */ = {isa = PBXFileReference; lastKnownFileType = sourcecode.swift; path = MainListVM.swift; sourceTree = "<group>"; };
		183A5DA028ABEAB500FD6FE8 /* RepoDetailsModel.swift */ = {isa = PBXFileReference; fileEncoding = 4; lastKnownFileType = sourcecode.swift; path = RepoDetailsModel.swift; sourceTree = "<group>"; };
		183A5DA628ABED8300FD6FE8 /* ListTableViewCell.swift */ = {isa = PBXFileReference; lastKnownFileType = sourcecode.swift; path = ListTableViewCell.swift; sourceTree = "<group>"; };
		183A5DA728ABED8300FD6FE8 /* ListTableViewCell.xib */ = {isa = PBXFileReference; lastKnownFileType = file.xib; path = ListTableViewCell.xib; sourceTree = "<group>"; };
		183A5DAA28ABEED300FD6FE8 /* ArrayExtensions.swift */ = {isa = PBXFileReference; lastKnownFileType = sourcecode.swift; path = ArrayExtensions.swift; sourceTree = "<group>"; };
		185DB7DE28ACF27300697EF1 /* DateExtensions.swift */ = {isa = PBXFileReference; lastKnownFileType = sourcecode.swift; path = DateExtensions.swift; sourceTree = "<group>"; };
		185DB7E128ACFBC300697EF1 /* Spinner.swift */ = {isa = PBXFileReference; lastKnownFileType = sourcecode.swift; path = Spinner.swift; sourceTree = "<group>"; };
		185DB7E328AD00E500697EF1 /* UIImageViewExtended.swift */ = {isa = PBXFileReference; fileEncoding = 4; lastKnownFileType = sourcecode.swift; path = UIImageViewExtended.swift; sourceTree = "<group>"; };
		185DB7E528AD04B900697EF1 /* UITableViewExtension.swift */ = {isa = PBXFileReference; fileEncoding = 4; lastKnownFileType = sourcecode.swift; path = UITableViewExtension.swift; sourceTree = "<group>"; };
		188B1BE428AB8E9F00E515B1 /* EmbibeDemo.app */ = {isa = PBXFileReference; explicitFileType = wrapper.application; includeInIndex = 0; path = EmbibeDemo.app; sourceTree = BUILT_PRODUCTS_DIR; };
		188B1BE728AB8E9F00E515B1 /* AppDelegate.swift */ = {isa = PBXFileReference; lastKnownFileType = sourcecode.swift; path = AppDelegate.swift; sourceTree = "<group>"; };
		188B1BE928AB8E9F00E515B1 /* SceneDelegate.swift */ = {isa = PBXFileReference; lastKnownFileType = sourcecode.swift; path = SceneDelegate.swift; sourceTree = "<group>"; };
		188B1BEB28AB8E9F00E515B1 /* ListViewController.swift */ = {isa = PBXFileReference; lastKnownFileType = sourcecode.swift; path = ListViewController.swift; sourceTree = "<group>"; };
		188B1BEE28AB8E9F00E515B1 /* Base */ = {isa = PBXFileReference; lastKnownFileType = file.storyboard; name = Base; path = Base.lproj/Main.storyboard; sourceTree = "<group>"; };
		188B1BF028AB8EA000E515B1 /* Assets.xcassets */ = {isa = PBXFileReference; lastKnownFileType = folder.assetcatalog; path = Assets.xcassets; sourceTree = "<group>"; };
		188B1BF328AB8EA000E515B1 /* Base */ = {isa = PBXFileReference; lastKnownFileType = file.storyboard; name = Base; path = Base.lproj/LaunchScreen.storyboard; sourceTree = "<group>"; };
		188B1BF528AB8EA000E515B1 /* Info.plist */ = {isa = PBXFileReference; lastKnownFileType = text.plist.xml; path = Info.plist; sourceTree = "<group>"; };
		6FE7BE16229080DDEAAF24F0 /* Pods-EmbibeDemo.debug.xcconfig */ = {isa = PBXFileReference; includeInIndex = 1; lastKnownFileType = text.xcconfig; name = "Pods-EmbibeDemo.debug.xcconfig"; path = "Target Support Files/Pods-EmbibeDemo/Pods-EmbibeDemo.debug.xcconfig"; sourceTree = "<group>"; };
		86881C8AEF2E9024EC5FDC05 /* Pods_EmbibeDemo.framework */ = {isa = PBXFileReference; explicitFileType = wrapper.framework; includeInIndex = 0; path = Pods_EmbibeDemo.framework; sourceTree = BUILT_PRODUCTS_DIR; };
		873669BF4D1B8C853A3FDCF3 /* Pods-EmbibeDemo.release.xcconfig */ = {isa = PBXFileReference; includeInIndex = 1; lastKnownFileType = text.xcconfig; name = "Pods-EmbibeDemo.release.xcconfig"; path = "Target Support Files/Pods-EmbibeDemo/Pods-EmbibeDemo.release.xcconfig"; sourceTree = "<group>"; };
/* End PBXFileReference section */

/* Begin PBXFrameworksBuildPhase section */
		188B1BE128AB8E9F00E515B1 /* Frameworks */ = {
			isa = PBXFrameworksBuildPhase;
			buildActionMask = 2147483647;
			files = (
				92FF3DEDC20EC21BEF69F6CE /* Pods_EmbibeDemo.framework in Frameworks */,
			);
			runOnlyForDeploymentPostprocessing = 0;
		};
/* End PBXFrameworksBuildPhase section */

/* Begin PBXGroup section */
		182DCD0528ABE3BA0027ECF4 /* Data */ = {
			isa = PBXGroup;
			children = (
				182DCD0628ABE3BA0027ECF4 /* Models */,
			);
			path = Data;
			sourceTree = "<group>";
		};
		182DCD0628ABE3BA0027ECF4 /* Models */ = {
			isa = PBXGroup;
			children = (
				182DCD0728ABE3BA0027ECF4 /* Response */,
			);
			path = Models;
			sourceTree = "<group>";
		};
		182DCD0728ABE3BA0027ECF4 /* Response */ = {
			isa = PBXGroup;
			children = (
				182DCD0828ABE3BA0027ECF4 /* ErrorResponse.swift */,
			);
			path = Response;
			sourceTree = "<group>";
		};
		182DCD0D28ABE40A0027ECF4 /* Extensions */ = {
			isa = PBXGroup;
			children = (
				185DB7E528AD04B900697EF1 /* UITableViewExtension.swift */,
				185DB7E328AD00E500697EF1 /* UIImageViewExtended.swift */,
				182DCD0F28ABE40A0027ECF4 /* UIViewControllerExtension.swift */,
				182DCD1128ABE40A0027ECF4 /* StringExtension.swift */,
				182DCD1228ABE40A0027ECF4 /* CodableExtension.swift */,
				183A5DAA28ABEED300FD6FE8 /* ArrayExtensions.swift */,
				185DB7DE28ACF27300697EF1 /* DateExtensions.swift */,
			);
			path = Extensions;
			sourceTree = "<group>";
		};
		182DCD1328ABE40A0027ECF4 /* Domain */ = {
			isa = PBXGroup;
			children = (
				182DCD1628ABE40A0027ECF4 /* Entities */,
			);
			path = Domain;
			sourceTree = "<group>";
		};
		182DCD1628ABE40A0027ECF4 /* Entities */ = {
			isa = PBXGroup;
			children = (
				183A5DA028ABEAB500FD6FE8 /* RepoDetailsModel.swift */,
				182DCD1828ABE40A0027ECF4 /* UserDetailsModel.swift */,
			);
			path = Entities;
			sourceTree = "<group>";
		};
		182DCD2128ABE42A0027ECF4 /* Infrastructure */ = {
			isa = PBXGroup;
			children = (
				182DCD2228ABE42A0027ECF4 /* Networking */,
				182DCD2528ABE42A0027ECF4 /* Enums */,
			);
			path = Infrastructure;
			sourceTree = "<group>";
		};
		182DCD2228ABE42A0027ECF4 /* Networking */ = {
			isa = PBXGroup;
			children = (
				182DCD2328ABE42A0027ECF4 /* BaseNetworking.swift */,
				182DCD2428ABE42A0027ECF4 /* API.swift */,
			);
			path = Networking;
			sourceTree = "<group>";
		};
		182DCD2528ABE42A0027ECF4 /* Enums */ = {
			isa = PBXGroup;
			children = (
				182DCD2628ABE42A0027ECF4 /* Environment.swift */,
				182DCD2728ABE42A0027ECF4 /* HTTPMethodType.swift */,
			);
			path = Enums;
			sourceTree = "<group>";
		};
		182DCD2D28ABE5240027ECF4 /* Presentation */ = {
			isa = PBXGroup;
			children = (
				185DB7E028ACFB9A00697EF1 /* LoaderView */,
				1854455828ABF74B00157FBE /* ViewControllers */,
				1854455628ABF71300157FBE /* TableViewCell */,
				1854455728ABF73800157FBE /* ViewModels */,
				1854455928ABF76200157FBE /* StoryBoards */,
			);
			path = Presentation;
			sourceTree = "<group>";
		};
		183A5D9928ABE9F600FD6FE8 /* Architecture */ = {
			isa = PBXGroup;
			children = (
				183A5D9A28ABE9F600FD6FE8 /* BaseViewController.swift */,
				183A5D9B28ABE9F600FD6FE8 /* BaseViewModel.swift */,
			);
			path = Architecture;
			sourceTree = "<group>";
		};
		1854455628ABF71300157FBE /* TableViewCell */ = {
			isa = PBXGroup;
			children = (
				183A5DA628ABED8300FD6FE8 /* ListTableViewCell.swift */,
				183A5DA728ABED8300FD6FE8 /* ListTableViewCell.xib */,
			);
			path = TableViewCell;
			sourceTree = "<group>";
		};
		1854455728ABF73800157FBE /* ViewModels */ = {
			isa = PBXGroup;
			children = (
				183A5D9E28ABEA5700FD6FE8 /* MainListVM.swift */,
			);
			path = ViewModels;
			sourceTree = "<group>";
		};
		1854455828ABF74B00157FBE /* ViewControllers */ = {
			isa = PBXGroup;
			children = (
				188B1BEB28AB8E9F00E515B1 /* ListViewController.swift */,
			);
			path = ViewControllers;
			sourceTree = "<group>";
		};
		1854455928ABF76200157FBE /* StoryBoards */ = {
			isa = PBXGroup;
			children = (
				188B1BED28AB8E9F00E515B1 /* Main.storyboard */,
				188B1BF228AB8EA000E515B1 /* LaunchScreen.storyboard */,
			);
			path = StoryBoards;
			sourceTree = "<group>";
		};
		185DB7E028ACFB9A00697EF1 /* LoaderView */ = {
			isa = PBXGroup;
			children = (
				185DB7E128ACFBC300697EF1 /* Spinner.swift */,
			);
			path = LoaderView;
			sourceTree = "<group>";
		};
		188B1BDB28AB8E9E00E515B1 = {
			isa = PBXGroup;
			children = (
				188B1BE628AB8E9F00E515B1 /* EmbibeDemo */,
				188B1BF028AB8EA000E515B1 /* Assets.xcassets */,
				188B1BE528AB8E9F00E515B1 /* Products */,
				F0C9384B664464BE433DC50E /* Pods */,
				1B0205ED8B867D75731F975F /* Frameworks */,
			);
			sourceTree = "<group>";
		};
		188B1BE528AB8E9F00E515B1 /* Products */ = {
			isa = PBXGroup;
			children = (
				188B1BE428AB8E9F00E515B1 /* EmbibeDemo.app */,
			);
			name = Products;
			sourceTree = "<group>";
		};
		188B1BE628AB8E9F00E515B1 /* EmbibeDemo */ = {
			isa = PBXGroup;
			children = (
				188B1BF528AB8EA000E515B1 /* Info.plist */,
				188B1BFB28AB8F4D00E515B1 /* Application */,
				182DCD1328ABE40A0027ECF4 /* Domain */,
				182DCD0D28ABE40A0027ECF4 /* Extensions */,
				182DCD0528ABE3BA0027ECF4 /* Data */,
				182DCD2128ABE42A0027ECF4 /* Infrastructure */,
				182DCD2D28ABE5240027ECF4 /* Presentation */,
			);
			path = EmbibeDemo;
			sourceTree = "<group>";
		};
		188B1BFB28AB8F4D00E515B1 /* Application */ = {
			isa = PBXGroup;
			children = (
				183A5D9928ABE9F600FD6FE8 /* Architecture */,
				188B1BE728AB8E9F00E515B1 /* AppDelegate.swift */,
				188B1BE928AB8E9F00E515B1 /* SceneDelegate.swift */,
			);
			path = Application;
			sourceTree = "<group>";
		};
		1B0205ED8B867D75731F975F /* Frameworks */ = {
			isa = PBXGroup;
			children = (
				86881C8AEF2E9024EC5FDC05 /* Pods_EmbibeDemo.framework */,
			);
			name = Frameworks;
			sourceTree = "<group>";
		};
		F0C9384B664464BE433DC50E /* Pods */ = {
			isa = PBXGroup;
			children = (
				6FE7BE16229080DDEAAF24F0 /* Pods-EmbibeDemo.debug.xcconfig */,
				873669BF4D1B8C853A3FDCF3 /* Pods-EmbibeDemo.release.xcconfig */,
			);
			path = Pods;
			sourceTree = "<group>";
		};
/* End PBXGroup section */

/* Begin PBXNativeTarget section */
		188B1BE328AB8E9F00E515B1 /* EmbibeDemo */ = {
			isa = PBXNativeTarget;
			buildConfigurationList = 188B1BF828AB8EA000E515B1 /* Build configuration list for PBXNativeTarget "EmbibeDemo" */;
			buildPhases = (
				818B8226E569B9B798E22B84 /* [CP] Check Pods Manifest.lock */,
				188B1BE028AB8E9F00E515B1 /* Sources */,
				188B1BE128AB8E9F00E515B1 /* Frameworks */,
				188B1BE228AB8E9F00E515B1 /* Resources */,
				327CE8174DB78B378F0A4846 /* [CP] Embed Pods Frameworks */,
			);
			buildRules = (
			);
			dependencies = (
			);
			name = EmbibeDemo;
			productName = EmbibeDemo;
			productReference = 188B1BE428AB8E9F00E515B1 /* EmbibeDemo.app */;
			productType = "com.apple.product-type.application";
		};
/* End PBXNativeTarget section */

/* Begin PBXProject section */
		188B1BDC28AB8E9E00E515B1 /* Project object */ = {
			isa = PBXProject;
			attributes = {
				BuildIndependentTargetsInParallel = 1;
				LastSwiftUpdateCheck = 1340;
				LastUpgradeCheck = 1340;
				TargetAttributes = {
					188B1BE328AB8E9F00E515B1 = {
						CreatedOnToolsVersion = 13.4.1;
					};
				};
			};
			buildConfigurationList = 188B1BDF28AB8E9E00E515B1 /* Build configuration list for PBXProject "EmbibeDemo" */;
			compatibilityVersion = "Xcode 13.0";
			developmentRegion = en;
			hasScannedForEncodings = 0;
			knownRegions = (
				en,
				Base,
			);
			mainGroup = 188B1BDB28AB8E9E00E515B1;
			productRefGroup = 188B1BE528AB8E9F00E515B1 /* Products */;
			projectDirPath = "";
			projectRoot = "";
			targets = (
				188B1BE328AB8E9F00E515B1 /* EmbibeDemo */,
			);
		};
/* End PBXProject section */

/* Begin PBXResourcesBuildPhase section */
		188B1BE228AB8E9F00E515B1 /* Resources */ = {
			isa = PBXResourcesBuildPhase;
			buildActionMask = 2147483647;
			files = (
				188B1BF428AB8EA000E515B1 /* LaunchScreen.storyboard in Resources */,
				183A5DA928ABED8300FD6FE8 /* ListTableViewCell.xib in Resources */,
				188B1BF128AB8EA000E515B1 /* Assets.xcassets in Resources */,
				188B1BEF28AB8E9F00E515B1 /* Main.storyboard in Resources */,
			);
			runOnlyForDeploymentPostprocessing = 0;
		};
/* End PBXResourcesBuildPhase section */

/* Begin PBXShellScriptBuildPhase section */
		327CE8174DB78B378F0A4846 /* [CP] Embed Pods Frameworks */ = {
			isa = PBXShellScriptBuildPhase;
			buildActionMask = 2147483647;
			files = (
			);
			inputFileListPaths = (
				"${PODS_ROOT}/Target Support Files/Pods-EmbibeDemo/Pods-EmbibeDemo-frameworks-${CONFIGURATION}-input-files.xcfilelist",
			);
			name = "[CP] Embed Pods Frameworks";
			outputFileListPaths = (
				"${PODS_ROOT}/Target Support Files/Pods-EmbibeDemo/Pods-EmbibeDemo-frameworks-${CONFIGURATION}-output-files.xcfilelist",
			);
			runOnlyForDeploymentPostprocessing = 0;
			shellPath = /bin/sh;
			shellScript = "\"${PODS_ROOT}/Target Support Files/Pods-EmbibeDemo/Pods-EmbibeDemo-frameworks.sh\"\n";
			showEnvVarsInLog = 0;
		};
		818B8226E569B9B798E22B84 /* [CP] Check Pods Manifest.lock */ = {
			isa = PBXShellScriptBuildPhase;
			buildActionMask = 2147483647;
			files = (
			);
			inputFileListPaths = (
			);
			inputPaths = (
				"${PODS_PODFILE_DIR_PATH}/Podfile.lock",
				"${PODS_ROOT}/Manifest.lock",
			);
			name = "[CP] Check Pods Manifest.lock";
			outputFileListPaths = (
			);
			outputPaths = (
				"$(DERIVED_FILE_DIR)/Pods-EmbibeDemo-checkManifestLockResult.txt",
			);
			runOnlyForDeploymentPostprocessing = 0;
			shellPath = /bin/sh;
			shellScript = "diff \"${PODS_PODFILE_DIR_PATH}/Podfile.lock\" \"${PODS_ROOT}/Manifest.lock\" > /dev/null\nif [ $? != 0 ] ; then\n    # print error to STDERR\n    echo \"error: The sandbox is not in sync with the Podfile.lock. Run 'pod install' or update your CocoaPods installation.\" >&2\n    exit 1\nfi\n# This output is used by Xcode 'outputs' to avoid re-running this script phase.\necho \"SUCCESS\" > \"${SCRIPT_OUTPUT_FILE_0}\"\n";
			showEnvVarsInLog = 0;
		};
/* End PBXShellScriptBuildPhase section */

/* Begin PBXSourcesBuildPhase section */
		188B1BE028AB8E9F00E515B1 /* Sources */ = {
			isa = PBXSourcesBuildPhase;
			buildActionMask = 2147483647;
			files = (
				188B1BEC28AB8E9F00E515B1 /* ListViewController.swift in Sources */,
				182DCD2A28ABE42B0027ECF4 /* Environment.swift in Sources */,
				183A5D9F28ABEA5700FD6FE8 /* MainListVM.swift in Sources */,
				185DB7E628AD04B900697EF1 /* UITableViewExtension.swift in Sources */,
				183A5DAB28ABEED300FD6FE8 /* ArrayExtensions.swift in Sources */,
				188B1BE828AB8E9F00E515B1 /* AppDelegate.swift in Sources */,
				185DB7DF28ACF27300697EF1 /* DateExtensions.swift in Sources */,
				183A5D9C28ABE9F600FD6FE8 /* BaseViewController.swift in Sources */,
				182DCD2928ABE42B0027ECF4 /* API.swift in Sources */,
				182DCD2B28ABE42B0027ECF4 /* HTTPMethodType.swift in Sources */,
				182DCD1D28ABE40A0027ECF4 /* CodableExtension.swift in Sources */,
				185DB7E228ACFBC300697EF1 /* Spinner.swift in Sources */,
				183A5DA828ABED8300FD6FE8 /* ListTableViewCell.swift in Sources */,
				188B1BEA28AB8E9F00E515B1 /* SceneDelegate.swift in Sources */,
				182DCD1C28ABE40A0027ECF4 /* StringExtension.swift in Sources */,
				182DCD2028ABE40A0027ECF4 /* UserDetailsModel.swift in Sources */,
				183A5D9D28ABE9F600FD6FE8 /* BaseViewModel.swift in Sources */,
				182DCD1A28ABE40A0027ECF4 /* UIViewControllerExtension.swift in Sources */,
				183A5DA128ABEAB500FD6FE8 /* RepoDetailsModel.swift in Sources */,
				182DCD2828ABE42A0027ECF4 /* BaseNetworking.swift in Sources */,
				182DCD0B28ABE3BA0027ECF4 /* ErrorResponse.swift in Sources */,
				185DB7E428AD00E500697EF1 /* UIImageViewExtended.swift in Sources */,
			);
			runOnlyForDeploymentPostprocessing = 0;
		};
/* End PBXSourcesBuildPhase section */

/* Begin PBXVariantGroup section */
		188B1BED28AB8E9F00E515B1 /* Main.storyboard */ = {
			isa = PBXVariantGroup;
			children = (
				188B1BEE28AB8E9F00E515B1 /* Base */,
			);
			name = Main.storyboard;
			sourceTree = "<group>";
		};
		188B1BF228AB8EA000E515B1 /* LaunchScreen.storyboard */ = {
			isa = PBXVariantGroup;
			children = (
				188B1BF328AB8EA000E515B1 /* Base */,
			);
			name = LaunchScreen.storyboard;
			sourceTree = "<group>";
		};
/* End PBXVariantGroup section */

/* Begin XCBuildConfiguration section */
		188B1BF628AB8EA000E515B1 /* Debug */ = {
			isa = XCBuildConfiguration;
			buildSettings = {
				ALWAYS_SEARCH_USER_PATHS = NO;
				CLANG_ANALYZER_NONNULL = YES;
				CLANG_ANALYZER_NUMBER_OBJECT_CONVERSION = YES_AGGRESSIVE;
				CLANG_CXX_LANGUAGE_STANDARD = "gnu++17";
				CLANG_ENABLE_MODULES = YES;
				CLANG_ENABLE_OBJC_ARC = YES;
				CLANG_ENABLE_OBJC_WEAK = YES;
				CLANG_WARN_BLOCK_CAPTURE_AUTORELEASING = YES;
				CLANG_WARN_BOOL_CONVERSION = YES;
				CLANG_WARN_COMMA = YES;
				CLANG_WARN_CONSTANT_CONVERSION = YES;
				CLANG_WARN_DEPRECATED_OBJC_IMPLEMENTATIONS = YES;
				CLANG_WARN_DIRECT_OBJC_ISA_USAGE = YES_ERROR;
				CLANG_WARN_DOCUMENTATION_COMMENTS = YES;
				CLANG_WARN_EMPTY_BODY = YES;
				CLANG_WARN_ENUM_CONVERSION = YES;
				CLANG_WARN_INFINITE_RECURSION = YES;
				CLANG_WARN_INT_CONVERSION = YES;
				CLANG_WARN_NON_LITERAL_NULL_CONVERSION = YES;
				CLANG_WARN_OBJC_IMPLICIT_RETAIN_SELF = YES;
				CLANG_WARN_OBJC_LITERAL_CONVERSION = YES;
				CLANG_WARN_OBJC_ROOT_CLASS = YES_ERROR;
				CLANG_WARN_QUOTED_INCLUDE_IN_FRAMEWORK_HEADER = YES;
				CLANG_WARN_RANGE_LOOP_ANALYSIS = YES;
				CLANG_WARN_STRICT_PROTOTYPES = YES;
				CLANG_WARN_SUSPICIOUS_MOVE = YES;
				CLANG_WARN_UNGUARDED_AVAILABILITY = YES_AGGRESSIVE;
				CLANG_WARN_UNREACHABLE_CODE = YES;
				CLANG_WARN__DUPLICATE_METHOD_MATCH = YES;
				COPY_PHASE_STRIP = NO;
				DEBUG_INFORMATION_FORMAT = dwarf;
				ENABLE_STRICT_OBJC_MSGSEND = YES;
				ENABLE_TESTABILITY = YES;
				GCC_C_LANGUAGE_STANDARD = gnu11;
				GCC_DYNAMIC_NO_PIC = NO;
				GCC_NO_COMMON_BLOCKS = YES;
				GCC_OPTIMIZATION_LEVEL = 0;
				GCC_PREPROCESSOR_DEFINITIONS = (
					"DEBUG=1",
					"$(inherited)",
				);
				GCC_WARN_64_TO_32_BIT_CONVERSION = YES;
				GCC_WARN_ABOUT_RETURN_TYPE = YES_ERROR;
				GCC_WARN_UNDECLARED_SELECTOR = YES;
				GCC_WARN_UNINITIALIZED_AUTOS = YES_AGGRESSIVE;
				GCC_WARN_UNUSED_FUNCTION = YES;
				GCC_WARN_UNUSED_VARIABLE = YES;
				IPHONEOS_DEPLOYMENT_TARGET = 15.5;
				MTL_ENABLE_DEBUG_INFO = INCLUDE_SOURCE;
				MTL_FAST_MATH = YES;
				ONLY_ACTIVE_ARCH = YES;
				SDKROOT = iphoneos;
				SWIFT_ACTIVE_COMPILATION_CONDITIONS = DEBUG;
				SWIFT_OPTIMIZATION_LEVEL = "-Onone";
			};
			name = Debug;
		};
		188B1BF728AB8EA000E515B1 /* Release */ = {
			isa = XCBuildConfiguration;
			buildSettings = {
				ALWAYS_SEARCH_USER_PATHS = NO;
				CLANG_ANALYZER_NONNULL = YES;
				CLANG_ANALYZER_NUMBER_OBJECT_CONVERSION = YES_AGGRESSIVE;
				CLANG_CXX_LANGUAGE_STANDARD = "gnu++17";
				CLANG_ENABLE_MODULES = YES;
				CLANG_ENABLE_OBJC_ARC = YES;
				CLANG_ENABLE_OBJC_WEAK = YES;
				CLANG_WARN_BLOCK_CAPTURE_AUTORELEASING = YES;
				CLANG_WARN_BOOL_CONVERSION = YES;
				CLANG_WARN_COMMA = YES;
				CLANG_WARN_CONSTANT_CONVERSION = YES;
				CLANG_WARN_DEPRECATED_OBJC_IMPLEMENTATIONS = YES;
				CLANG_WARN_DIRECT_OBJC_ISA_USAGE = YES_ERROR;
				CLANG_WARN_DOCUMENTATION_COMMENTS = YES;
				CLANG_WARN_EMPTY_BODY = YES;
				CLANG_WARN_ENUM_CONVERSION = YES;
				CLANG_WARN_INFINITE_RECURSION = YES;
				CLANG_WARN_INT_CONVERSION = YES;
				CLANG_WARN_NON_LITERAL_NULL_CONVERSION = YES;
				CLANG_WARN_OBJC_IMPLICIT_RETAIN_SELF = YES;
				CLANG_WARN_OBJC_LITERAL_CONVERSION = YES;
				CLANG_WARN_OBJC_ROOT_CLASS = YES_ERROR;
				CLANG_WARN_QUOTED_INCLUDE_IN_FRAMEWORK_HEADER = YES;
				CLANG_WARN_RANGE_LOOP_ANALYSIS = YES;
				CLANG_WARN_STRICT_PROTOTYPES = YES;
				CLANG_WARN_SUSPICIOUS_MOVE = YES;
				CLANG_WARN_UNGUARDED_AVAILABILITY = YES_AGGRESSIVE;
				CLANG_WARN_UNREACHABLE_CODE = YES;
				CLANG_WARN__DUPLICATE_METHOD_MATCH = YES;
				COPY_PHASE_STRIP = NO;
				DEBUG_INFORMATION_FORMAT = "dwarf-with-dsym";
				ENABLE_NS_ASSERTIONS = NO;
				ENABLE_STRICT_OBJC_MSGSEND = YES;
				GCC_C_LANGUAGE_STANDARD = gnu11;
				GCC_NO_COMMON_BLOCKS = YES;
				GCC_WARN_64_TO_32_BIT_CONVERSION = YES;
				GCC_WARN_ABOUT_RETURN_TYPE = YES_ERROR;
				GCC_WARN_UNDECLARED_SELECTOR = YES;
				GCC_WARN_UNINITIALIZED_AUTOS = YES_AGGRESSIVE;
				GCC_WARN_UNUSED_FUNCTION = YES;
				GCC_WARN_UNUSED_VARIABLE = YES;
				IPHONEOS_DEPLOYMENT_TARGET = 15.5;
				MTL_ENABLE_DEBUG_INFO = NO;
				MTL_FAST_MATH = YES;
				SDKROOT = iphoneos;
				SWIFT_COMPILATION_MODE = wholemodule;
				SWIFT_OPTIMIZATION_LEVEL = "-O";
				VALIDATE_PRODUCT = YES;
			};
			name = Release;
		};
		188B1BF928AB8EA000E515B1 /* Debug */ = {
			isa = XCBuildConfiguration;
			baseConfigurationReference = 6FE7BE16229080DDEAAF24F0 /* Pods-EmbibeDemo.debug.xcconfig */;
			buildSettings = {
				ASSETCATALOG_COMPILER_APPICON_NAME = AppIcon;
				ASSETCATALOG_COMPILER_GLOBAL_ACCENT_COLOR_NAME = AccentColor;
				CODE_SIGN_STYLE = Automatic;
				CURRENT_PROJECT_VERSION = 1;
				DEVELOPMENT_TEAM = DXJ47987WC;
				GENERATE_INFOPLIST_FILE = YES;
				INFOPLIST_FILE = EmbibeDemo/Info.plist;
				INFOPLIST_KEY_UIApplicationSupportsIndirectInputEvents = YES;
				INFOPLIST_KEY_UILaunchStoryboardName = LaunchScreen;
				INFOPLIST_KEY_UIMainStoryboardFile = Main;
				INFOPLIST_KEY_UISupportedInterfaceOrientations_iPad = "UIInterfaceOrientationPortrait UIInterfaceOrientationPortraitUpsideDown UIInterfaceOrientationLandscapeLeft UIInterfaceOrientationLandscapeRight";
				INFOPLIST_KEY_UISupportedInterfaceOrientations_iPhone = "UIInterfaceOrientationPortrait UIInterfaceOrientationLandscapeLeft UIInterfaceOrientationLandscapeRight";
				LD_RUNPATH_SEARCH_PATHS = (
					"$(inherited)",
					"@executable_path/Frameworks",
				);
				MARKETING_VERSION = 1.0;
				PRODUCT_BUNDLE_IDENTIFIER = com.embibe.EmbibeDemo;
				PRODUCT_NAME = "$(TARGET_NAME)";
				SWIFT_EMIT_LOC_STRINGS = YES;
				SWIFT_VERSION = 5.0;
				TARGETED_DEVICE_FAMILY = "1,2";
			};
			name = Debug;
		};
		188B1BFA28AB8EA000E515B1 /* Release */ = {
			isa = XCBuildConfiguration;
			baseConfigurationReference = 873669BF4D1B8C853A3FDCF3 /* Pods-EmbibeDemo.release.xcconfig */;
			buildSettings = {
				ASSETCATALOG_COMPILER_APPICON_NAME = AppIcon;
				ASSETCATALOG_COMPILER_GLOBAL_ACCENT_COLOR_NAME = AccentColor;
				CODE_SIGN_STYLE = Automatic;
				CURRENT_PROJECT_VERSION = 1;
				DEVELOPMENT_TEAM = DXJ47987WC;
				GENERATE_INFOPLIST_FILE = YES;
				INFOPLIST_FILE = EmbibeDemo/Info.plist;
				INFOPLIST_KEY_UIApplicationSupportsIndirectInputEvents = YES;
				INFOPLIST_KEY_UILaunchStoryboardName = LaunchScreen;
				INFOPLIST_KEY_UIMainStoryboardFile = Main;
				INFOPLIST_KEY_UISupportedInterfaceOrientations_iPad = "UIInterfaceOrientationPortrait UIInterfaceOrientationPortraitUpsideDown UIInterfaceOrientationLandscapeLeft UIInterfaceOrientationLandscapeRight";
				INFOPLIST_KEY_UISupportedInterfaceOrientations_iPhone = "UIInterfaceOrientationPortrait UIInterfaceOrientationLandscapeLeft UIInterfaceOrientationLandscapeRight";
				LD_RUNPATH_SEARCH_PATHS = (
					"$(inherited)",
					"@executable_path/Frameworks",
				);
				MARKETING_VERSION = 1.0;
				PRODUCT_BUNDLE_IDENTIFIER = com.embibe.EmbibeDemo;
				PRODUCT_NAME = "$(TARGET_NAME)";
				SWIFT_EMIT_LOC_STRINGS = YES;
				SWIFT_VERSION = 5.0;
				TARGETED_DEVICE_FAMILY = "1,2";
			};
			name = Release;
		};
/* End XCBuildConfiguration section */

/* Begin XCConfigurationList section */
		188B1BDF28AB8E9E00E515B1 /* Build configuration list for PBXProject "EmbibeDemo" */ = {
			isa = XCConfigurationList;
			buildConfigurations = (
				188B1BF628AB8EA000E515B1 /* Debug */,
				188B1BF728AB8EA000E515B1 /* Release */,
			);
			defaultConfigurationIsVisible = 0;
			defaultConfigurationName = Release;
		};
		188B1BF828AB8EA000E515B1 /* Build configuration list for PBXNativeTarget "EmbibeDemo" */ = {
			isa = XCConfigurationList;
			buildConfigurations = (
				188B1BF928AB8EA000E515B1 /* Debug */,
				188B1BFA28AB8EA000E515B1 /* Release */,
			);
			defaultConfigurationIsVisible = 0;
			defaultConfigurationName = Release;
		};
/* End XCConfigurationList section */
	};
	rootObject = 188B1BDC28AB8E9E00E515B1 /* Project object */;
}
